// !$*UTF8*$!
{
	archiveVersion = 1;
	classes = {
	};
	objectVersion = 56;
	objects = {

/* Begin PBXBuildFile section */
		C313500F2D037FC200C5F545 /* AppDelegate.swift in Sources */ = {isa = PBXBuildFile; fileRef = C313500E2D037FC200C5F545 /* AppDelegate.swift */; };
		C31350112D037FC200C5F545 /* SceneDelegate.swift in Sources */ = {isa = PBXBuildFile; fileRef = C31350102D037FC200C5F545 /* SceneDelegate.swift */; };
		C31350182D037FC400C5F545 /* Assets.xcassets in Resources */ = {isa = PBXBuildFile; fileRef = C31350172D037FC400C5F545 /* Assets.xcassets */; };
		C313501B2D037FC400C5F545 /* LaunchScreen.storyboard in Resources */ = {isa = PBXBuildFile; fileRef = C31350192D037FC400C5F545 /* LaunchScreen.storyboard */; };
		C31350262D037FC400C5F545 /* TaxiMooveTests.swift in Sources */ = {isa = PBXBuildFile; fileRef = C31350252D037FC400C5F545 /* TaxiMooveTests.swift */; };
		C31350302D037FC400C5F545 /* TaxiMooveUITests.swift in Sources */ = {isa = PBXBuildFile; fileRef = C313502F2D037FC400C5F545 /* TaxiMooveUITests.swift */; };
		C31350322D037FC400C5F545 /* TaxiMooveUITestsLaunchTests.swift in Sources */ = {isa = PBXBuildFile; fileRef = C31350312D037FC400C5F545 /* TaxiMooveUITestsLaunchTests.swift */; };
		C31350412D0382E100C5F545 /* Pacifico-Regular.ttf in Resources */ = {isa = PBXBuildFile; fileRef = C313503E2D03810900C5F545 /* Pacifico-Regular.ttf */; };
		C313504B2D03849000C5F545 /* MainViewController.swift in Sources */ = {isa = PBXBuildFile; fileRef = C31350492D03849000C5F545 /* MainViewController.swift */; };
		C31350502D038EBA00C5F545 /* UIColor.swift in Sources */ = {isa = PBXBuildFile; fileRef = C313504F2D038EBA00C5F545 /* UIColor.swift */; };
		C31350572D039B4700C5F545 /* ViewCode.swift in Sources */ = {isa = PBXBuildFile; fileRef = C31350562D039B4700C5F545 /* ViewCode.swift */; };
		C31350592D039D1B00C5F545 /* MainView.swift in Sources */ = {isa = PBXBuildFile; fileRef = C31350582D039D1B00C5F545 /* MainView.swift */; };
/* End PBXBuildFile section */

/* Begin PBXContainerItemProxy section */
		C31350222D037FC400C5F545 /* PBXContainerItemProxy */ = {
			isa = PBXContainerItemProxy;
			containerPortal = C31350032D037FC200C5F545 /* Project object */;
			proxyType = 1;
			remoteGlobalIDString = C313500A2D037FC200C5F545;
			remoteInfo = TaxiMoove;
		};
		C313502C2D037FC400C5F545 /* PBXContainerItemProxy */ = {
			isa = PBXContainerItemProxy;
			containerPortal = C31350032D037FC200C5F545 /* Project object */;
			proxyType = 1;
			remoteGlobalIDString = C313500A2D037FC200C5F545;
			remoteInfo = TaxiMoove;
		};
/* End PBXContainerItemProxy section */

/* Begin PBXFileReference section */
		C313500B2D037FC200C5F545 /* TaxiMoove.app */ = {isa = PBXFileReference; explicitFileType = wrapper.application; includeInIndex = 0; path = TaxiMoove.app; sourceTree = BUILT_PRODUCTS_DIR; };
		C313500E2D037FC200C5F545 /* AppDelegate.swift */ = {isa = PBXFileReference; lastKnownFileType = sourcecode.swift; path = AppDelegate.swift; sourceTree = "<group>"; };
		C31350102D037FC200C5F545 /* SceneDelegate.swift */ = {isa = PBXFileReference; lastKnownFileType = sourcecode.swift; path = SceneDelegate.swift; sourceTree = "<group>"; };
		C31350172D037FC400C5F545 /* Assets.xcassets */ = {isa = PBXFileReference; lastKnownFileType = folder.assetcatalog; path = Assets.xcassets; sourceTree = "<group>"; };
		C313501A2D037FC400C5F545 /* Base */ = {isa = PBXFileReference; lastKnownFileType = file.storyboard; name = Base; path = Base.lproj/LaunchScreen.storyboard; sourceTree = "<group>"; };
		C313501C2D037FC400C5F545 /* Info.plist */ = {isa = PBXFileReference; lastKnownFileType = text.plist.xml; path = Info.plist; sourceTree = "<group>"; };
		C31350212D037FC400C5F545 /* TaxiMooveTests.xctest */ = {isa = PBXFileReference; explicitFileType = wrapper.cfbundle; includeInIndex = 0; path = TaxiMooveTests.xctest; sourceTree = BUILT_PRODUCTS_DIR; };
		C31350252D037FC400C5F545 /* TaxiMooveTests.swift */ = {isa = PBXFileReference; lastKnownFileType = sourcecode.swift; path = TaxiMooveTests.swift; sourceTree = "<group>"; };
		C313502B2D037FC400C5F545 /* TaxiMooveUITests.xctest */ = {isa = PBXFileReference; explicitFileType = wrapper.cfbundle; includeInIndex = 0; path = TaxiMooveUITests.xctest; sourceTree = BUILT_PRODUCTS_DIR; };
		C313502F2D037FC400C5F545 /* TaxiMooveUITests.swift */ = {isa = PBXFileReference; lastKnownFileType = sourcecode.swift; path = TaxiMooveUITests.swift; sourceTree = "<group>"; };
		C31350312D037FC400C5F545 /* TaxiMooveUITestsLaunchTests.swift */ = {isa = PBXFileReference; lastKnownFileType = sourcecode.swift; path = TaxiMooveUITestsLaunchTests.swift; sourceTree = "<group>"; };
		C313503E2D03810900C5F545 /* Pacifico-Regular.ttf */ = {isa = PBXFileReference; lastKnownFileType = file; path = "Pacifico-Regular.ttf"; sourceTree = "<group>"; };
		C31350492D03849000C5F545 /* MainViewController.swift */ = {isa = PBXFileReference; lastKnownFileType = sourcecode.swift; path = MainViewController.swift; sourceTree = "<group>"; };
		C313504F2D038EBA00C5F545 /* UIColor.swift */ = {isa = PBXFileReference; lastKnownFileType = sourcecode.swift; path = UIColor.swift; sourceTree = "<group>"; };
		C31350562D039B4700C5F545 /* ViewCode.swift */ = {isa = PBXFileReference; lastKnownFileType = sourcecode.swift; path = ViewCode.swift; sourceTree = "<group>"; };
		C31350582D039D1B00C5F545 /* MainView.swift */ = {isa = PBXFileReference; lastKnownFileType = sourcecode.swift; path = MainView.swift; sourceTree = "<group>"; };
/* End PBXFileReference section */

/* Begin PBXFrameworksBuildPhase section */
		C31350082D037FC200C5F545 /* Frameworks */ = {
			isa = PBXFrameworksBuildPhase;
			buildActionMask = 2147483647;
			files = (
			);
			runOnlyForDeploymentPostprocessing = 0;
		};
		C313501E2D037FC400C5F545 /* Frameworks */ = {
			isa = PBXFrameworksBuildPhase;
			buildActionMask = 2147483647;
			files = (
			);
			runOnlyForDeploymentPostprocessing = 0;
		};
		C31350282D037FC400C5F545 /* Frameworks */ = {
			isa = PBXFrameworksBuildPhase;
			buildActionMask = 2147483647;
			files = (
			);
			runOnlyForDeploymentPostprocessing = 0;
		};
/* End PBXFrameworksBuildPhase section */

/* Begin PBXGroup section */
		C31350022D037FC200C5F545 = {
			isa = PBXGroup;
			children = (
				C313500D2D037FC200C5F545 /* TaxiMoove */,
				C31350242D037FC400C5F545 /* TaxiMooveTests */,
				C313502E2D037FC400C5F545 /* TaxiMooveUITests */,
				C313500C2D037FC200C5F545 /* Products */,
			);
			sourceTree = "<group>";
		};
		C313500C2D037FC200C5F545 /* Products */ = {
			isa = PBXGroup;
			children = (
				C313500B2D037FC200C5F545 /* TaxiMoove.app */,
				C31350212D037FC400C5F545 /* TaxiMooveTests.xctest */,
				C313502B2D037FC400C5F545 /* TaxiMooveUITests.xctest */,
			);
			name = Products;
			sourceTree = "<group>";
		};
		C313500D2D037FC200C5F545 /* TaxiMoove */ = {
			isa = PBXGroup;
			children = (
				C31350552D039B2B00C5F545 /* Protocols */,
				C31350512D0391B800C5F545 /* Helpers */,
				C313504D2D038E9B00C5F545 /* Extensions */,
				C31350472D03846C00C5F545 /* ViewModel */,
				C31350462D03846800C5F545 /* View */,
				C31350452D03845D00C5F545 /* Application */,
				C31350422D03845400C5F545 /* Model */,
				C31350402D03811000C5F545 /* fonts */,
				C313500E2D037FC200C5F545 /* AppDelegate.swift */,
				C31350102D037FC200C5F545 /* SceneDelegate.swift */,
				C31350172D037FC400C5F545 /* Assets.xcassets */,
				C31350192D037FC400C5F545 /* LaunchScreen.storyboard */,
				C313501C2D037FC400C5F545 /* Info.plist */,
			);
			path = TaxiMoove;
			sourceTree = "<group>";
		};
		C31350242D037FC400C5F545 /* TaxiMooveTests */ = {
			isa = PBXGroup;
			children = (
				C31350252D037FC400C5F545 /* TaxiMooveTests.swift */,
			);
			path = TaxiMooveTests;
			sourceTree = "<group>";
		};
		C313502E2D037FC400C5F545 /* TaxiMooveUITests */ = {
			isa = PBXGroup;
			children = (
				C313502F2D037FC400C5F545 /* TaxiMooveUITests.swift */,
				C31350312D037FC400C5F545 /* TaxiMooveUITestsLaunchTests.swift */,
			);
			path = TaxiMooveUITests;
			sourceTree = "<group>";
		};
		C31350402D03811000C5F545 /* fonts */ = {
			isa = PBXGroup;
			children = (
				C313503E2D03810900C5F545 /* Pacifico-Regular.ttf */,
			);
			path = fonts;
			sourceTree = "<group>";
		};
		C31350422D03845400C5F545 /* Model */ = {
			isa = PBXGroup;
			children = (
			);
			path = Model;
			sourceTree = "<group>";
		};
		C31350452D03845D00C5F545 /* Application */ = {
			isa = PBXGroup;
			children = (
			);
			path = Application;
			sourceTree = "<group>";
		};
		C31350462D03846800C5F545 /* View */ = {
			isa = PBXGroup;
			children = (
				C31350482D03847C00C5F545 /* MainViewController */,
			);
			path = View;
			sourceTree = "<group>";
		};
		C31350472D03846C00C5F545 /* ViewModel */ = {
			isa = PBXGroup;
			children = (
			);
			path = ViewModel;
			sourceTree = "<group>";
		};
		C31350482D03847C00C5F545 /* MainViewController */ = {
			isa = PBXGroup;
			children = (
				C31350492D03849000C5F545 /* MainViewController.swift */,
				C31350582D039D1B00C5F545 /* MainView.swift */,
			);
			path = MainViewController;
			sourceTree = "<group>";
		};
		C313504D2D038E9B00C5F545 /* Extensions */ = {
			isa = PBXGroup;
			children = (
				C313504E2D038EAE00C5F545 /* UIKit */,
			);
			path = Extensions;
			sourceTree = "<group>";
		};
		C313504E2D038EAE00C5F545 /* UIKit */ = {
			isa = PBXGroup;
			children = (
				C313504F2D038EBA00C5F545 /* UIColor.swift */,
			);
			path = UIKit;
			sourceTree = "<group>";
		};
		C31350512D0391B800C5F545 /* Helpers */ = {
			isa = PBXGroup;
			children = (
			);
			path = Helpers;
			sourceTree = "<group>";
		};
		C31350552D039B2B00C5F545 /* Protocols */ = {
			isa = PBXGroup;
			children = (
				C31350562D039B4700C5F545 /* ViewCode.swift */,
			);
			path = Protocols;
			sourceTree = "<group>";
		};
/* End PBXGroup section */

/* Begin PBXNativeTarget section */
		C313500A2D037FC200C5F545 /* TaxiMoove */ = {
			isa = PBXNativeTarget;
			buildConfigurationList = C31350352D037FC400C5F545 /* Build configuration list for PBXNativeTarget "TaxiMoove" */;
			buildPhases = (
				C31350072D037FC200C5F545 /* Sources */,
				C31350082D037FC200C5F545 /* Frameworks */,
				C31350092D037FC200C5F545 /* Resources */,
			);
			buildRules = (
			);
			dependencies = (
			);
			name = TaxiMoove;
			productName = TaxiMoove;
			productReference = C313500B2D037FC200C5F545 /* TaxiMoove.app */;
			productType = "com.apple.product-type.application";
		};
		C31350202D037FC400C5F545 /* TaxiMooveTests */ = {
			isa = PBXNativeTarget;
			buildConfigurationList = C31350382D037FC400C5F545 /* Build configuration list for PBXNativeTarget "TaxiMooveTests" */;
			buildPhases = (
				C313501D2D037FC400C5F545 /* Sources */,
				C313501E2D037FC400C5F545 /* Frameworks */,
				C313501F2D037FC400C5F545 /* Resources */,
			);
			buildRules = (
			);
			dependencies = (
				C31350232D037FC400C5F545 /* PBXTargetDependency */,
			);
			name = TaxiMooveTests;
			productName = TaxiMooveTests;
			productReference = C31350212D037FC400C5F545 /* TaxiMooveTests.xctest */;
			productType = "com.apple.product-type.bundle.unit-test";
		};
		C313502A2D037FC400C5F545 /* TaxiMooveUITests */ = {
			isa = PBXNativeTarget;
			buildConfigurationList = C313503B2D037FC400C5F545 /* Build configuration list for PBXNativeTarget "TaxiMooveUITests" */;
			buildPhases = (
				C31350272D037FC400C5F545 /* Sources */,
				C31350282D037FC400C5F545 /* Frameworks */,
				C31350292D037FC400C5F545 /* Resources */,
			);
			buildRules = (
			);
			dependencies = (
				C313502D2D037FC400C5F545 /* PBXTargetDependency */,
			);
			name = TaxiMooveUITests;
			productName = TaxiMooveUITests;
			productReference = C313502B2D037FC400C5F545 /* TaxiMooveUITests.xctest */;
			productType = "com.apple.product-type.bundle.ui-testing";
		};
/* End PBXNativeTarget section */

/* Begin PBXProject section */
		C31350032D037FC200C5F545 /* Project object */ = {
			isa = PBXProject;
			attributes = {
				BuildIndependentTargetsInParallel = 1;
				LastSwiftUpdateCheck = 1420;
				LastUpgradeCheck = 1420;
				TargetAttributes = {
					C313500A2D037FC200C5F545 = {
						CreatedOnToolsVersion = 14.2;
					};
					C31350202D037FC400C5F545 = {
						CreatedOnToolsVersion = 14.2;
						TestTargetID = C313500A2D037FC200C5F545;
					};
					C313502A2D037FC400C5F545 = {
						CreatedOnToolsVersion = 14.2;
						TestTargetID = C313500A2D037FC200C5F545;
					};
				};
			};
			buildConfigurationList = C31350062D037FC200C5F545 /* Build configuration list for PBXProject "TaxiMoove" */;
			compatibilityVersion = "Xcode 14.0";
			developmentRegion = en;
			hasScannedForEncodings = 0;
			knownRegions = (
				en,
				Base,
			);
			mainGroup = C31350022D037FC200C5F545;
			productRefGroup = C313500C2D037FC200C5F545 /* Products */;
			projectDirPath = "";
			projectRoot = "";
			targets = (
				C313500A2D037FC200C5F545 /* TaxiMoove */,
				C31350202D037FC400C5F545 /* TaxiMooveTests */,
				C313502A2D037FC400C5F545 /* TaxiMooveUITests */,
			);
		};
/* End PBXProject section */

/* Begin PBXResourcesBuildPhase section */
		C31350092D037FC200C5F545 /* Resources */ = {
			isa = PBXResourcesBuildPhase;
			buildActionMask = 2147483647;
			files = (
				C31350412D0382E100C5F545 /* Pacifico-Regular.ttf in Resources */,
				C313501B2D037FC400C5F545 /* LaunchScreen.storyboard in Resources */,
				C31350182D037FC400C5F545 /* Assets.xcassets in Resources */,
			);
			runOnlyForDeploymentPostprocessing = 0;
		};
		C313501F2D037FC400C5F545 /* Resources */ = {
			isa = PBXResourcesBuildPhase;
			buildActionMask = 2147483647;
			files = (
			);
			runOnlyForDeploymentPostprocessing = 0;
		};
		C31350292D037FC400C5F545 /* Resources */ = {
			isa = PBXResourcesBuildPhase;
			buildActionMask = 2147483647;
			files = (
			);
			runOnlyForDeploymentPostprocessing = 0;
		};
/* End PBXResourcesBuildPhase section */

/* Begin PBXSourcesBuildPhase section */
		C31350072D037FC200C5F545 /* Sources */ = {
			isa = PBXSourcesBuildPhase;
			buildActionMask = 2147483647;
			files = (
				C313504B2D03849000C5F545 /* MainViewController.swift in Sources */,
				C31350592D039D1B00C5F545 /* MainView.swift in Sources */,
				C31350502D038EBA00C5F545 /* UIColor.swift in Sources */,
				C313500F2D037FC200C5F545 /* AppDelegate.swift in Sources */,
				C31350112D037FC200C5F545 /* SceneDelegate.swift in Sources */,
				C31350572D039B4700C5F545 /* ViewCode.swift in Sources */,
			);
			runOnlyForDeploymentPostprocessing = 0;
		};
		C313501D2D037FC400C5F545 /* Sources */ = {
			isa = PBXSourcesBuildPhase;
			buildActionMask = 2147483647;
			files = (
				C31350262D037FC400C5F545 /* TaxiMooveTests.swift in Sources */,
			);
			runOnlyForDeploymentPostprocessing = 0;
		};
		C31350272D037FC400C5F545 /* Sources */ = {
			isa = PBXSourcesBuildPhase;
			buildActionMask = 2147483647;
			files = (
				C31350302D037FC400C5F545 /* TaxiMooveUITests.swift in Sources */,
				C31350322D037FC400C5F545 /* TaxiMooveUITestsLaunchTests.swift in Sources */,
			);
			runOnlyForDeploymentPostprocessing = 0;
		};
/* End PBXSourcesBuildPhase section */

/* Begin PBXTargetDependency section */
		C31350232D037FC400C5F545 /* PBXTargetDependency */ = {
			isa = PBXTargetDependency;
			target = C313500A2D037FC200C5F545 /* TaxiMoove */;
			targetProxy = C31350222D037FC400C5F545 /* PBXContainerItemProxy */;
		};
		C313502D2D037FC400C5F545 /* PBXTargetDependency */ = {
			isa = PBXTargetDependency;
			target = C313500A2D037FC200C5F545 /* TaxiMoove */;
			targetProxy = C313502C2D037FC400C5F545 /* PBXContainerItemProxy */;
		};
/* End PBXTargetDependency section */

/* Begin PBXVariantGroup section */
		C31350192D037FC400C5F545 /* LaunchScreen.storyboard */ = {
			isa = PBXVariantGroup;
			children = (
				C313501A2D037FC400C5F545 /* Base */,
			);
			name = LaunchScreen.storyboard;
			sourceTree = "<group>";
		};
/* End PBXVariantGroup section */

/* Begin XCBuildConfiguration section */
		C31350332D037FC400C5F545 /* Debug */ = {
			isa = XCBuildConfiguration;
			buildSettings = {
				ALWAYS_SEARCH_USER_PATHS = NO;
				CLANG_ANALYZER_NONNULL = YES;
				CLANG_ANALYZER_NUMBER_OBJECT_CONVERSION = YES_AGGRESSIVE;
				CLANG_CXX_LANGUAGE_STANDARD = "gnu++20";
				CLANG_ENABLE_MODULES = YES;
				CLANG_ENABLE_OBJC_ARC = YES;
				CLANG_ENABLE_OBJC_WEAK = YES;
				CLANG_WARN_BLOCK_CAPTURE_AUTORELEASING = YES;
				CLANG_WARN_BOOL_CONVERSION = YES;
				CLANG_WARN_COMMA = YES;
				CLANG_WARN_CONSTANT_CONVERSION = YES;
				CLANG_WARN_DEPRECATED_OBJC_IMPLEMENTATIONS = YES;
				CLANG_WARN_DIRECT_OBJC_ISA_USAGE = YES_ERROR;
				CLANG_WARN_DOCUMENTATION_COMMENTS = YES;
				CLANG_WARN_EMPTY_BODY = YES;
				CLANG_WARN_ENUM_CONVERSION = YES;
				CLANG_WARN_INFINITE_RECURSION = YES;
				CLANG_WARN_INT_CONVERSION = YES;
				CLANG_WARN_NON_LITERAL_NULL_CONVERSION = YES;
				CLANG_WARN_OBJC_IMPLICIT_RETAIN_SELF = YES;
				CLANG_WARN_OBJC_LITERAL_CONVERSION = YES;
				CLANG_WARN_OBJC_ROOT_CLASS = YES_ERROR;
				CLANG_WARN_QUOTED_INCLUDE_IN_FRAMEWORK_HEADER = YES;
				CLANG_WARN_RANGE_LOOP_ANALYSIS = YES;
				CLANG_WARN_STRICT_PROTOTYPES = YES;
				CLANG_WARN_SUSPICIOUS_MOVE = YES;
				CLANG_WARN_UNGUARDED_AVAILABILITY = YES_AGGRESSIVE;
				CLANG_WARN_UNREACHABLE_CODE = YES;
				CLANG_WARN__DUPLICATE_METHOD_MATCH = YES;
				COPY_PHASE_STRIP = NO;
				DEBUG_INFORMATION_FORMAT = dwarf;
				ENABLE_STRICT_OBJC_MSGSEND = YES;
				ENABLE_TESTABILITY = YES;
				GCC_C_LANGUAGE_STANDARD = gnu11;
				GCC_DYNAMIC_NO_PIC = NO;
				GCC_NO_COMMON_BLOCKS = YES;
				GCC_OPTIMIZATION_LEVEL = 0;
				GCC_PREPROCESSOR_DEFINITIONS = (
					"DEBUG=1",
					"$(inherited)",
				);
				GCC_WARN_64_TO_32_BIT_CONVERSION = YES;
				GCC_WARN_ABOUT_RETURN_TYPE = YES_ERROR;
				GCC_WARN_UNDECLARED_SELECTOR = YES;
				GCC_WARN_UNINITIALIZED_AUTOS = YES_AGGRESSIVE;
				GCC_WARN_UNUSED_FUNCTION = YES;
				GCC_WARN_UNUSED_VARIABLE = YES;
				IPHONEOS_DEPLOYMENT_TARGET = 16.2;
				MTL_ENABLE_DEBUG_INFO = INCLUDE_SOURCE;
				MTL_FAST_MATH = YES;
				ONLY_ACTIVE_ARCH = YES;
				SDKROOT = iphoneos;
				SWIFT_ACTIVE_COMPILATION_CONDITIONS = DEBUG;
				SWIFT_OPTIMIZATION_LEVEL = "-Onone";
			};
			name = Debug;
		};
		C31350342D037FC400C5F545 /* Release */ = {
			isa = XCBuildConfiguration;
			buildSettings = {
				ALWAYS_SEARCH_USER_PATHS = NO;
				CLANG_ANALYZER_NONNULL = YES;
				CLANG_ANALYZER_NUMBER_OBJECT_CONVERSION = YES_AGGRESSIVE;
				CLANG_CXX_LANGUAGE_STANDARD = "gnu++20";
				CLANG_ENABLE_MODULES = YES;
				CLANG_ENABLE_OBJC_ARC = YES;
				CLANG_ENABLE_OBJC_WEAK = YES;
				CLANG_WARN_BLOCK_CAPTURE_AUTORELEASING = YES;
				CLANG_WARN_BOOL_CONVERSION = YES;
				CLANG_WARN_COMMA = YES;
				CLANG_WARN_CONSTANT_CONVERSION = YES;
				CLANG_WARN_DEPRECATED_OBJC_IMPLEMENTATIONS = YES;
				CLANG_WARN_DIRECT_OBJC_ISA_USAGE = YES_ERROR;
				CLANG_WARN_DOCUMENTATION_COMMENTS = YES;
				CLANG_WARN_EMPTY_BODY = YES;
				CLANG_WARN_ENUM_CONVERSION = YES;
				CLANG_WARN_INFINITE_RECURSION = YES;
				CLANG_WARN_INT_CONVERSION = YES;
				CLANG_WARN_NON_LITERAL_NULL_CONVERSION = YES;
				CLANG_WARN_OBJC_IMPLICIT_RETAIN_SELF = YES;
				CLANG_WARN_OBJC_LITERAL_CONVERSION = YES;
				CLANG_WARN_OBJC_ROOT_CLASS = YES_ERROR;
				CLANG_WARN_QUOTED_INCLUDE_IN_FRAMEWORK_HEADER = YES;
				CLANG_WARN_RANGE_LOOP_ANALYSIS = YES;
				CLANG_WARN_STRICT_PROTOTYPES = YES;
				CLANG_WARN_SUSPICIOUS_MOVE = YES;
				CLANG_WARN_UNGUARDED_AVAILABILITY = YES_AGGRESSIVE;
				CLANG_WARN_UNREACHABLE_CODE = YES;
				CLANG_WARN__DUPLICATE_METHOD_MATCH = YES;
				COPY_PHASE_STRIP = NO;
				DEBUG_INFORMATION_FORMAT = "dwarf-with-dsym";
				ENABLE_NS_ASSERTIONS = NO;
				ENABLE_STRICT_OBJC_MSGSEND = YES;
				GCC_C_LANGUAGE_STANDARD = gnu11;
				GCC_NO_COMMON_BLOCKS = YES;
				GCC_WARN_64_TO_32_BIT_CONVERSION = YES;
				GCC_WARN_ABOUT_RETURN_TYPE = YES_ERROR;
				GCC_WARN_UNDECLARED_SELECTOR = YES;
				GCC_WARN_UNINITIALIZED_AUTOS = YES_AGGRESSIVE;
				GCC_WARN_UNUSED_FUNCTION = YES;
				GCC_WARN_UNUSED_VARIABLE = YES;
				IPHONEOS_DEPLOYMENT_TARGET = 16.2;
				MTL_ENABLE_DEBUG_INFO = NO;
				MTL_FAST_MATH = YES;
				SDKROOT = iphoneos;
				SWIFT_COMPILATION_MODE = wholemodule;
				SWIFT_OPTIMIZATION_LEVEL = "-O";
				VALIDATE_PRODUCT = YES;
			};
			name = Release;
		};
		C31350362D037FC400C5F545 /* Debug */ = {
			isa = XCBuildConfiguration;
			buildSettings = {
				ASSETCATALOG_COMPILER_APPICON_NAME = AppIcon;
				ASSETCATALOG_COMPILER_GLOBAL_ACCENT_COLOR_NAME = AccentColor;
				CODE_SIGN_STYLE = Automatic;
				CURRENT_PROJECT_VERSION = 1;
				DEVELOPMENT_TEAM = 7R2N7B4UCM;
				GENERATE_INFOPLIST_FILE = YES;
				INFOPLIST_FILE = TaxiMoove/Info.plist;
				INFOPLIST_KEY_UIApplicationSupportsIndirectInputEvents = YES;
				INFOPLIST_KEY_UILaunchStoryboardName = LaunchScreen;
				INFOPLIST_KEY_UISupportedInterfaceOrientations_iPad = "UIInterfaceOrientationPortrait UIInterfaceOrientationPortraitUpsideDown UIInterfaceOrientationLandscapeLeft UIInterfaceOrientationLandscapeRight";
				INFOPLIST_KEY_UISupportedInterfaceOrientations_iPhone = "UIInterfaceOrientationPortrait UIInterfaceOrientationLandscapeLeft UIInterfaceOrientationLandscapeRight";
				LD_RUNPATH_SEARCH_PATHS = (
					"$(inherited)",
					"@executable_path/Frameworks",
				);
				MARKETING_VERSION = 1.0;
				PRODUCT_BUNDLE_IDENTIFIER = com.rafa.training.TaxiMoove;
				PRODUCT_NAME = "$(TARGET_NAME)";
				SWIFT_EMIT_LOC_STRINGS = YES;
				SWIFT_VERSION = 5.0;
				TARGETED_DEVICE_FAMILY = "1,2";
			};
			name = Debug;
		};
		C31350372D037FC400C5F545 /* Release */ = {
			isa = XCBuildConfiguration;
			buildSettings = {
				ASSETCATALOG_COMPILER_APPICON_NAME = AppIcon;
				ASSETCATALOG_COMPILER_GLOBAL_ACCENT_COLOR_NAME = AccentColor;
				CODE_SIGN_STYLE = Automatic;
				CURRENT_PROJECT_VERSION = 1;
				DEVELOPMENT_TEAM = 7R2N7B4UCM;
				GENERATE_INFOPLIST_FILE = YES;
				INFOPLIST_FILE = TaxiMoove/Info.plist;
				INFOPLIST_KEY_UIApplicationSupportsIndirectInputEvents = YES;
				INFOPLIST_KEY_UILaunchStoryboardName = LaunchScreen;
				INFOPLIST_KEY_UISupportedInterfaceOrientations_iPad = "UIInterfaceOrientationPortrait UIInterfaceOrientationPortraitUpsideDown UIInterfaceOrientationLandscapeLeft UIInterfaceOrientationLandscapeRight";
				INFOPLIST_KEY_UISupportedInterfaceOrientations_iPhone = "UIInterfaceOrientationPortrait UIInterfaceOrientationLandscapeLeft UIInterfaceOrientationLandscapeRight";
				LD_RUNPATH_SEARCH_PATHS = (
					"$(inherited)",
					"@executable_path/Frameworks",
				);
				MARKETING_VERSION = 1.0;
				PRODUCT_BUNDLE_IDENTIFIER = com.rafa.training.TaxiMoove;
				PRODUCT_NAME = "$(TARGET_NAME)";
				SWIFT_EMIT_LOC_STRINGS = YES;
				SWIFT_VERSION = 5.0;
				TARGETED_DEVICE_FAMILY = "1,2";
			};
			name = Release;
		};
		C31350392D037FC400C5F545 /* Debug */ = {
			isa = XCBuildConfiguration;
			buildSettings = {
				ALWAYS_EMBED_SWIFT_STANDARD_LIBRARIES = YES;
				BUNDLE_LOADER = "$(TEST_HOST)";
				CODE_SIGN_STYLE = Automatic;
				CURRENT_PROJECT_VERSION = 1;
				DEVELOPMENT_TEAM = 7R2N7B4UCM;
				GENERATE_INFOPLIST_FILE = YES;
				IPHONEOS_DEPLOYMENT_TARGET = 16.2;
				MARKETING_VERSION = 1.0;
				PRODUCT_BUNDLE_IDENTIFIER = com.rafa.training.TaxiMooveTests;
				PRODUCT_NAME = "$(TARGET_NAME)";
				SWIFT_EMIT_LOC_STRINGS = NO;
				SWIFT_VERSION = 5.0;
				TARGETED_DEVICE_FAMILY = "1,2";
				TEST_HOST = "$(BUILT_PRODUCTS_DIR)/TaxiMoove.app/$(BUNDLE_EXECUTABLE_FOLDER_PATH)/TaxiMoove";
			};
			name = Debug;
		};
		C313503A2D037FC400C5F545 /* Release */ = {
			isa = XCBuildConfiguration;
			buildSettings = {
				ALWAYS_EMBED_SWIFT_STANDARD_LIBRARIES = YES;
				BUNDLE_LOADER = "$(TEST_HOST)";
				CODE_SIGN_STYLE = Automatic;
				CURRENT_PROJECT_VERSION = 1;
				DEVELOPMENT_TEAM = 7R2N7B4UCM;
				GENERATE_INFOPLIST_FILE = YES;
				IPHONEOS_DEPLOYMENT_TARGET = 16.2;
				MARKETING_VERSION = 1.0;
				PRODUCT_BUNDLE_IDENTIFIER = com.rafa.training.TaxiMooveTests;
				PRODUCT_NAME = "$(TARGET_NAME)";
				SWIFT_EMIT_LOC_STRINGS = NO;
				SWIFT_VERSION = 5.0;
				TARGETED_DEVICE_FAMILY = "1,2";
				TEST_HOST = "$(BUILT_PRODUCTS_DIR)/TaxiMoove.app/$(BUNDLE_EXECUTABLE_FOLDER_PATH)/TaxiMoove";
			};
			name = Release;
		};
		C313503C2D037FC400C5F545 /* Debug */ = {
			isa = XCBuildConfiguration;
			buildSettings = {
				ALWAYS_EMBED_SWIFT_STANDARD_LIBRARIES = YES;
				CODE_SIGN_STYLE = Automatic;
				CURRENT_PROJECT_VERSION = 1;
				DEVELOPMENT_TEAM = 7R2N7B4UCM;
				GENERATE_INFOPLIST_FILE = YES;
				MARKETING_VERSION = 1.0;
				PRODUCT_BUNDLE_IDENTIFIER = com.rafa.training.TaxiMooveUITests;
				PRODUCT_NAME = "$(TARGET_NAME)";
				SWIFT_EMIT_LOC_STRINGS = NO;
				SWIFT_VERSION = 5.0;
				TARGETED_DEVICE_FAMILY = "1,2";
				TEST_TARGET_NAME = TaxiMoove;
			};
			name = Debug;
		};
		C313503D2D037FC400C5F545 /* Release */ = {
			isa = XCBuildConfiguration;
			buildSettings = {
				ALWAYS_EMBED_SWIFT_STANDARD_LIBRARIES = YES;
				CODE_SIGN_STYLE = Automatic;
				CURRENT_PROJECT_VERSION = 1;
				DEVELOPMENT_TEAM = 7R2N7B4UCM;
				GENERATE_INFOPLIST_FILE = YES;
				MARKETING_VERSION = 1.0;
				PRODUCT_BUNDLE_IDENTIFIER = com.rafa.training.TaxiMooveUITests;
				PRODUCT_NAME = "$(TARGET_NAME)";
				SWIFT_EMIT_LOC_STRINGS = NO;
				SWIFT_VERSION = 5.0;
				TARGETED_DEVICE_FAMILY = "1,2";
				TEST_TARGET_NAME = TaxiMoove;
			};
			name = Release;
		};
/* End XCBuildConfiguration section */

/* Begin XCConfigurationList section */
		C31350062D037FC200C5F545 /* Build configuration list for PBXProject "TaxiMoove" */ = {
			isa = XCConfigurationList;
			buildConfigurations = (
				C31350332D037FC400C5F545 /* Debug */,
				C31350342D037FC400C5F545 /* Release */,
			);
			defaultConfigurationIsVisible = 0;
			defaultConfigurationName = Release;
		};
		C31350352D037FC400C5F545 /* Build configuration list for PBXNativeTarget "TaxiMoove" */ = {
			isa = XCConfigurationList;
			buildConfigurations = (
				C31350362D037FC400C5F545 /* Debug */,
				C31350372D037FC400C5F545 /* Release */,
			);
			defaultConfigurationIsVisible = 0;
			defaultConfigurationName = Release;
		};
		C31350382D037FC400C5F545 /* Build configuration list for PBXNativeTarget "TaxiMooveTests" */ = {
			isa = XCConfigurationList;
			buildConfigurations = (
				C31350392D037FC400C5F545 /* Debug */,
				C313503A2D037FC400C5F545 /* Release */,
			);
			defaultConfigurationIsVisible = 0;
			defaultConfigurationName = Release;
		};
		C313503B2D037FC400C5F545 /* Build configuration list for PBXNativeTarget "TaxiMooveUITests" */ = {
			isa = XCConfigurationList;
			buildConfigurations = (
				C313503C2D037FC400C5F545 /* Debug */,
				C313503D2D037FC400C5F545 /* Release */,
			);
			defaultConfigurationIsVisible = 0;
			defaultConfigurationName = Release;
		};
/* End XCConfigurationList section */
	};
	rootObject = C31350032D037FC200C5F545 /* Project object */;
}
